<?xml version="1.0" encoding="utf-8"?>
<Project ToolsVersion="4.0" xmlns="http://schemas.microsoft.com/developer/msbuild/2003">
  <ItemGroup>
    <Filter Include="Source Files">
      <UniqueIdentifier>{4FC737F1-C7A5-4376-A066-2A32D752A2FF}</UniqueIdentifier>
      <Extensions>cpp;c;cc;cxx;def;odl;idl;hpj;bat;asm;asmx</Extensions>
    </Filter>
    <Filter Include="Header Files">
      <UniqueIdentifier>{93995380-89BD-4b04-88EB-625FBE52EBFB}</UniqueIdentifier>
      <Extensions>h;hpp;hxx;hm;inl;inc;xsd</Extensions>
    </Filter>
    <Filter Include="Resource Files">
      <UniqueIdentifier>{67DA6AB6-F800-4c08-8B7A-83BB121AAD01}</UniqueIdentifier>
      <Extensions>rc;ico;cur;bmp;dlg;rc2;rct;bin;rgs;gif;jpg;jpeg;jpe;resx;tiff;tif;png;wav;mfcribbon-ms</Extensions>
    </Filter>
  </ItemGroup>
  <ItemGroup>
    <ClInclude Include="resource.h">
      <Filter>Header Files</Filter>
    </ClInclude>
    <ClInclude Include="inc\cs.h">
      <Filter>Header Files</Filter>
    </ClInclude>
    <ClInclude Include="inc\cs_list.h">
      <Filter>Header Files</Filter>
    </ClInclude>
    <ClInclude Include="inc\cs_os.h">
      <Filter>Header Files</Filter>
    </ClInclude>
    <ClInclude Include="inc\cs_rbtree.h">
      <Filter>Header Files</Filter>
    </ClInclude>
    <ClInclude Include="inc\cs_str.h">
      <Filter>Header Files</Filter>
    </ClInclude>
    <ClInclude Include="inc\cs_tcp.h">
      <Filter>Header Files</Filter>
    </ClInclude>
    <ClInclude Include="inc\ngx_alloc.h">
      <Filter>Header Files</Filter>
    </ClInclude>
    <ClInclude Include="inc\ngx_palloc.h">
      <Filter>Header Files</Filter>
    </ClInclude>
  </ItemGroup>
  <ItemGroup>
    <ResourceCompile Include="libcs.rc">
      <Filter>Resource Files</Filter>
    </ResourceCompile>
  </ItemGroup>
  <ItemGroup>
    <ClCompile Include="src\cs_crc32.c">
      <Filter>Source Files</Filter>
    </ClCompile>
    <ClCompile Include="src\cs_list.c">
      <Filter>Source Files</Filter>
    </ClCompile>
    <ClCompile Include="src\cs_os.c">
      <Filter>Source Files</Filter>
    </ClCompile>
    <ClCompile Include="src\cs_rbtree.c">
      <Filter>Source Files</Filter>
    </ClCompile>
    <ClCompile Include="src\cs_str.c">
      <Filter>Source Files</Filter>
    </ClCompile>
    <ClCompile Include="src\cs_tcp.c">
      <Filter>Source Files</Filter>
    </ClCompile>
    <ClCompile Include="src\dll.c">
      <Filter>Source Files</Filter>
    </ClCompile>
    <ClCompile Include="src\ngx_alloc.c">
      <Filter>Source Files</Filter>
    </ClCompile>
    <ClCompile Include="src\ngx_palloc.c">
      <Filter>Source Files</Filter>
    </ClCompile>
  </ItemGroup>
</Project>